// !$*UTF8*$!
{
	archiveVersion = 1;
	classes = {
	};
	objectVersion = 56;
	objects = {

/* Begin PBXBuildFile section */
		6C47695E2BD28F40000FF3E8 /* UILabel+App.swift in Sources */ = {isa = PBXBuildFile; fileRef = 6C47695D2BD28F40000FF3E8 /* UILabel+App.swift */; };
		6C4769602BD2977D000FF3E8 /* UIBorderedTextField.swift in Sources */ = {isa = PBXBuildFile; fileRef = 6C47695F2BD2977D000FF3E8 /* UIBorderedTextField.swift */; };
		6C4769632BD2C708000FF3E8 /* UIButton+App.swift in Sources */ = {isa = PBXBuildFile; fileRef = 6C4769622BD2C708000FF3E8 /* UIButton+App.swift */; };
		6C7271E02BD11B9C00388B6E /* AppDelegate.swift in Sources */ = {isa = PBXBuildFile; fileRef = 6C7271DF2BD11B9C00388B6E /* AppDelegate.swift */; };
		6C7271E22BD11B9C00388B6E /* SceneDelegate.swift in Sources */ = {isa = PBXBuildFile; fileRef = 6C7271E12BD11B9C00388B6E /* SceneDelegate.swift */; };
		6C7271E92BD11B9D00388B6E /* Assets.xcassets in Resources */ = {isa = PBXBuildFile; fileRef = 6C7271E82BD11B9D00388B6E /* Assets.xcassets */; };
		6C7271EC2BD11B9D00388B6E /* LaunchScreen.storyboard in Resources */ = {isa = PBXBuildFile; fileRef = 6C7271EA2BD11B9D00388B6E /* LaunchScreen.storyboard */; };
		6C7271FA2BD11D1500388B6E /* UIViewController+App.swift in Sources */ = {isa = PBXBuildFile; fileRef = 6C7271F92BD11D1500388B6E /* UIViewController+App.swift */; };
		6C7272012BD11E3F00388B6E /* Sizes.swift in Sources */ = {isa = PBXBuildFile; fileRef = 6C7272002BD11E3F00388B6E /* Sizes.swift */; };
		6C7272042BD11F1000388B6E /* task.rtf in Resources */ = {isa = PBXBuildFile; fileRef = 6C7272032BD11F1000388B6E /* task.rtf */; };
		6C7272082BD1217D00388B6E /* MainCoordinator.swift in Sources */ = {isa = PBXBuildFile; fileRef = 6C7272072BD1217D00388B6E /* MainCoordinator.swift */; };
		6C72720D2BD1235600388B6E /* SignUpViewController.swift in Sources */ = {isa = PBXBuildFile; fileRef = 6C72720C2BD1235600388B6E /* SignUpViewController.swift */; };
		6C72720F2BD174A200388B6E /* UIView+App.swift in Sources */ = {isa = PBXBuildFile; fileRef = 6C72720E2BD174A200388B6E /* UIView+App.swift */; };
		6C7272112BD1752F00388B6E /* UIColor+App.swift in Sources */ = {isa = PBXBuildFile; fileRef = 6C7272102BD1752F00388B6E /* UIColor+App.swift */; };
		6C7272142BD1927500388B6E /* UIFont+App.swift in Sources */ = {isa = PBXBuildFile; fileRef = 6C7272132BD1927500388B6E /* UIFont+App.swift */; };
		6C72721A2BD1951900388B6E /* SignUpView.swift in Sources */ = {isa = PBXBuildFile; fileRef = 6C7272192BD1951900388B6E /* SignUpView.swift */; };
/* End PBXBuildFile section */

/* Begin PBXFileReference section */
		6C47695D2BD28F40000FF3E8 /* UILabel+App.swift */ = {isa = PBXFileReference; lastKnownFileType = sourcecode.swift; path = "UILabel+App.swift"; sourceTree = "<group>"; };
		6C47695F2BD2977D000FF3E8 /* UIBorderedTextField.swift */ = {isa = PBXFileReference; lastKnownFileType = sourcecode.swift; path = UIBorderedTextField.swift; sourceTree = "<group>"; };
		6C4769622BD2C708000FF3E8 /* UIButton+App.swift */ = {isa = PBXFileReference; lastKnownFileType = sourcecode.swift; path = "UIButton+App.swift"; sourceTree = "<group>"; };
		6C7271DC2BD11B9C00388B6E /* SimpleReader-12-15-SD.app */ = {isa = PBXFileReference; explicitFileType = wrapper.application; includeInIndex = 0; path = "SimpleReader-12-15-SD.app"; sourceTree = BUILT_PRODUCTS_DIR; };
		6C7271DF2BD11B9C00388B6E /* AppDelegate.swift */ = {isa = PBXFileReference; lastKnownFileType = sourcecode.swift; path = AppDelegate.swift; sourceTree = "<group>"; };
		6C7271E12BD11B9C00388B6E /* SceneDelegate.swift */ = {isa = PBXFileReference; lastKnownFileType = sourcecode.swift; path = SceneDelegate.swift; sourceTree = "<group>"; };
		6C7271E82BD11B9D00388B6E /* Assets.xcassets */ = {isa = PBXFileReference; lastKnownFileType = folder.assetcatalog; path = Assets.xcassets; sourceTree = "<group>"; };
		6C7271EB2BD11B9D00388B6E /* Base */ = {isa = PBXFileReference; lastKnownFileType = file.storyboard; name = Base; path = Base.lproj/LaunchScreen.storyboard; sourceTree = "<group>"; };
		6C7271ED2BD11B9D00388B6E /* Info.plist */ = {isa = PBXFileReference; lastKnownFileType = text.plist.xml; path = Info.plist; sourceTree = "<group>"; };
		6C7271F92BD11D1500388B6E /* UIViewController+App.swift */ = {isa = PBXFileReference; lastKnownFileType = sourcecode.swift; path = "UIViewController+App.swift"; sourceTree = "<group>"; };
		6C7272002BD11E3F00388B6E /* Sizes.swift */ = {isa = PBXFileReference; lastKnownFileType = sourcecode.swift; path = Sizes.swift; sourceTree = "<group>"; };
		6C7272032BD11F1000388B6E /* task.rtf */ = {isa = PBXFileReference; lastKnownFileType = text.rtf; path = task.rtf; sourceTree = "<group>"; };
		6C7272072BD1217D00388B6E /* MainCoordinator.swift */ = {isa = PBXFileReference; lastKnownFileType = sourcecode.swift; path = MainCoordinator.swift; sourceTree = "<group>"; };
		6C72720C2BD1235600388B6E /* SignUpViewController.swift */ = {isa = PBXFileReference; lastKnownFileType = sourcecode.swift; path = SignUpViewController.swift; sourceTree = "<group>"; };
		6C72720E2BD174A200388B6E /* UIView+App.swift */ = {isa = PBXFileReference; lastKnownFileType = sourcecode.swift; path = "UIView+App.swift"; sourceTree = "<group>"; };
		6C7272102BD1752F00388B6E /* UIColor+App.swift */ = {isa = PBXFileReference; lastKnownFileType = sourcecode.swift; path = "UIColor+App.swift"; sourceTree = "<group>"; };
		6C7272132BD1927500388B6E /* UIFont+App.swift */ = {isa = PBXFileReference; lastKnownFileType = sourcecode.swift; path = "UIFont+App.swift"; sourceTree = "<group>"; };
		6C7272192BD1951900388B6E /* SignUpView.swift */ = {isa = PBXFileReference; lastKnownFileType = sourcecode.swift; path = SignUpView.swift; sourceTree = "<group>"; };
/* End PBXFileReference section */

/* Begin PBXFrameworksBuildPhase section */
		6C7271D92BD11B9C00388B6E /* Frameworks */ = {
			isa = PBXFrameworksBuildPhase;
			buildActionMask = 2147483647;
			files = (
			);
			runOnlyForDeploymentPostprocessing = 0;
		};
/* End PBXFrameworksBuildPhase section */

/* Begin PBXGroup section */
		6C7271D32BD11B9C00388B6E = {
			isa = PBXGroup;
			children = (
				6C7271DE2BD11B9C00388B6E /* SimpleReader-12-15-SD */,
				6C7271DD2BD11B9C00388B6E /* Products */,
			);
			sourceTree = "<group>";
		};
		6C7271DD2BD11B9C00388B6E /* Products */ = {
			isa = PBXGroup;
			children = (
				6C7271DC2BD11B9C00388B6E /* SimpleReader-12-15-SD.app */,
			);
			name = Products;
			sourceTree = "<group>";
		};
		6C7271DE2BD11B9C00388B6E /* SimpleReader-12-15-SD */ = {
			isa = PBXGroup;
			children = (
				6C7271F42BD11C8800388B6E /* App */,
				6C7271FE2BD11E0600388B6E /* Coordinator */,
				6C7271F72BD11CA300388B6E /* Scenes */,
				6C7271FF2BD11E2800388B6E /* Constants */,
				6C7271F52BD11C9700388B6E /* HelperClasses */,
				6C7271F62BD11CA000388B6E /* Extensions */,
				6C7271F32BD11BBA00388B6E /* SupportingFiles */,
			);
			path = "SimpleReader-12-15-SD";
			sourceTree = "<group>";
		};
		6C7271F32BD11BBA00388B6E /* SupportingFiles */ = {
			isa = PBXGroup;
			children = (
				6C7271E82BD11B9D00388B6E /* Assets.xcassets */,
				6C7271ED2BD11B9D00388B6E /* Info.plist */,
				6C7271EA2BD11B9D00388B6E /* LaunchScreen.storyboard */,
				6C7272032BD11F1000388B6E /* task.rtf */,
			);
			path = SupportingFiles;
			sourceTree = "<group>";
		};
		6C7271F42BD11C8800388B6E /* App */ = {
			isa = PBXGroup;
			children = (
				6C7271DF2BD11B9C00388B6E /* AppDelegate.swift */,
				6C7271E12BD11B9C00388B6E /* SceneDelegate.swift */,
			);
			path = App;
			sourceTree = "<group>";
		};
		6C7271F52BD11C9700388B6E /* HelperClasses */ = {
			isa = PBXGroup;
			children = (
				6C47695F2BD2977D000FF3E8 /* UIBorderedTextField.swift */,
			);
			path = HelperClasses;
			sourceTree = "<group>";
		};
		6C7271F62BD11CA000388B6E /* Extensions */ = {
			isa = PBXGroup;
			children = (
				6C7271F92BD11D1500388B6E /* UIViewController+App.swift */,
				6C72720E2BD174A200388B6E /* UIView+App.swift */,
				6C7272102BD1752F00388B6E /* UIColor+App.swift */,
				6C7272132BD1927500388B6E /* UIFont+App.swift */,
				6C47695D2BD28F40000FF3E8 /* UILabel+App.swift */,
				6C4769622BD2C708000FF3E8 /* UIButton+App.swift */,
			);
			path = Extensions;
			sourceTree = "<group>";
		};
		6C7271F72BD11CA300388B6E /* Scenes */ = {
			isa = PBXGroup;
			children = (
				6C7271FC2BD11D3E00388B6E /* SignUp */,
				6C7271FB2BD11D3A00388B6E /* Login */,
			);
			path = Scenes;
			sourceTree = "<group>";
		};
		6C7271FB2BD11D3A00388B6E /* Login */ = {
			isa = PBXGroup;
			children = (
				6C7272182BD194F100388B6E /* Model */,
				6C7272172BD194EC00388B6E /* View */,
				6C7272162BD194E600388B6E /* Controller */,
			);
			path = Login;
			sourceTree = "<group>";
		};
		6C7271FC2BD11D3E00388B6E /* SignUp */ = {
			isa = PBXGroup;
			children = (
				6C72720B2BD1233E00388B6E /* Model */,
				6C72720A2BD1233B00388B6E /* View */,
				6C7272092BD1233400388B6E /* Controller */,
			);
			path = SignUp;
			sourceTree = "<group>";
		};
		6C7271FE2BD11E0600388B6E /* Coordinator */ = {
			isa = PBXGroup;
			children = (
				6C7272072BD1217D00388B6E /* MainCoordinator.swift */,
			);
			path = Coordinator;
			sourceTree = "<group>";
		};
		6C7271FF2BD11E2800388B6E /* Constants */ = {
			isa = PBXGroup;
			children = (
				6C7272002BD11E3F00388B6E /* Sizes.swift */,
			);
			path = Constants;
			sourceTree = "<group>";
		};
		6C7272092BD1233400388B6E /* Controller */ = {
			isa = PBXGroup;
			children = (
				6C72720C2BD1235600388B6E /* SignUpViewController.swift */,
			);
			path = Controller;
			sourceTree = "<group>";
		};
		6C72720A2BD1233B00388B6E /* View */ = {
			isa = PBXGroup;
			children = (
				6C7272192BD1951900388B6E /* SignUpView.swift */,
			);
			path = View;
			sourceTree = "<group>";
		};
		6C72720B2BD1233E00388B6E /* Model */ = {
			isa = PBXGroup;
			children = (
			);
			path = Model;
			sourceTree = "<group>";
		};
		6C7272162BD194E600388B6E /* Controller */ = {
			isa = PBXGroup;
			children = (
			);
			path = Controller;
			sourceTree = "<group>";
		};
		6C7272172BD194EC00388B6E /* View */ = {
			isa = PBXGroup;
			children = (
			);
			path = View;
			sourceTree = "<group>";
		};
		6C7272182BD194F100388B6E /* Model */ = {
			isa = PBXGroup;
			children = (
			);
			path = Model;
			sourceTree = "<group>";
		};
/* End PBXGroup section */

/* Begin PBXNativeTarget section */
		6C7271DB2BD11B9C00388B6E /* SimpleReader-12-15-SD */ = {
			isa = PBXNativeTarget;
			buildConfigurationList = 6C7271F02BD11B9D00388B6E /* Build configuration list for PBXNativeTarget "SimpleReader-12-15-SD" */;
			buildPhases = (
				6C7271D82BD11B9C00388B6E /* Sources */,
				6C7271D92BD11B9C00388B6E /* Frameworks */,
				6C7271DA2BD11B9C00388B6E /* Resources */,
				6C7271FD2BD11DC900388B6E /* ShellScript */,
			);
			buildRules = (
			);
			dependencies = (
			);
			name = "SimpleReader-12-15-SD";
			productName = "SimpleReader-12-15-SD";
			productReference = 6C7271DC2BD11B9C00388B6E /* SimpleReader-12-15-SD.app */;
			productType = "com.apple.product-type.application";
		};
/* End PBXNativeTarget section */

/* Begin PBXProject section */
		6C7271D42BD11B9C00388B6E /* Project object */ = {
			isa = PBXProject;
			attributes = {
				BuildIndependentTargetsInParallel = 1;
				LastSwiftUpdateCheck = 1500;
				LastUpgradeCheck = 1500;
				TargetAttributes = {
					6C7271DB2BD11B9C00388B6E = {
						CreatedOnToolsVersion = 15.0.1;
					};
				};
			};
			buildConfigurationList = 6C7271D72BD11B9C00388B6E /* Build configuration list for PBXProject "SimpleReader-12-15-SD" */;
			compatibilityVersion = "Xcode 14.0";
			developmentRegion = en;
			hasScannedForEncodings = 0;
			knownRegions = (
				en,
				Base,
			);
			mainGroup = 6C7271D32BD11B9C00388B6E;
			productRefGroup = 6C7271DD2BD11B9C00388B6E /* Products */;
			projectDirPath = "";
			projectRoot = "";
			targets = (
				6C7271DB2BD11B9C00388B6E /* SimpleReader-12-15-SD */,
			);
		};
/* End PBXProject section */

/* Begin PBXResourcesBuildPhase section */
		6C7271DA2BD11B9C00388B6E /* Resources */ = {
			isa = PBXResourcesBuildPhase;
			buildActionMask = 2147483647;
			files = (
				6C7271EC2BD11B9D00388B6E /* LaunchScreen.storyboard in Resources */,
				6C7272042BD11F1000388B6E /* task.rtf in Resources */,
				6C7271E92BD11B9D00388B6E /* Assets.xcassets in Resources */,
			);
			runOnlyForDeploymentPostprocessing = 0;
		};
/* End PBXResourcesBuildPhase section */

/* Begin PBXShellScriptBuildPhase section */
		6C7271FD2BD11DC900388B6E /* ShellScript */ = {
			isa = PBXShellScriptBuildPhase;
			alwaysOutOfDate = 1;
			buildActionMask = 2147483647;
			files = (
			);
			inputFileListPaths = (
			);
			inputPaths = (
			);
			outputFileListPaths = (
			);
			outputPaths = (
			);
			runOnlyForDeploymentPostprocessing = 0;
			shellPath = /bin/sh;
			shellScript = "# Type a script or drag a script file from your workspace to insert its path.\nif which swiftlint >/dev/null; then\n  swiftlint\nelse\n  echo \"error: SwiftLint does not exist, download it from https://github.com/realm/SwiftLint\"\n  exit 1\nfi\n";
		};
/* End PBXShellScriptBuildPhase section */

/* Begin PBXSourcesBuildPhase section */
		6C7271D82BD11B9C00388B6E /* Sources */ = {
			isa = PBXSourcesBuildPhase;
			buildActionMask = 2147483647;
			files = (
				6C72720D2BD1235600388B6E /* SignUpViewController.swift in Sources */,
				6C7272142BD1927500388B6E /* UIFont+App.swift in Sources */,
				6C7272012BD11E3F00388B6E /* Sizes.swift in Sources */,
				6C7271E02BD11B9C00388B6E /* AppDelegate.swift in Sources */,
				6C7271E22BD11B9C00388B6E /* SceneDelegate.swift in Sources */,
				6C72720F2BD174A200388B6E /* UIView+App.swift in Sources */,
				6C72721A2BD1951900388B6E /* SignUpView.swift in Sources */,
				6C7272112BD1752F00388B6E /* UIColor+App.swift in Sources */,
				6C7272082BD1217D00388B6E /* MainCoordinator.swift in Sources */,
				6C47695E2BD28F40000FF3E8 /* UILabel+App.swift in Sources */,
				6C4769632BD2C708000FF3E8 /* UIButton+App.swift in Sources */,
				6C4769602BD2977D000FF3E8 /* UIBorderedTextField.swift in Sources */,
				6C7271FA2BD11D1500388B6E /* UIViewController+App.swift in Sources */,
			);
			runOnlyForDeploymentPostprocessing = 0;
		};
/* End PBXSourcesBuildPhase section */

/* Begin PBXVariantGroup section */
		6C7271EA2BD11B9D00388B6E /* LaunchScreen.storyboard */ = {
			isa = PBXVariantGroup;
			children = (
				6C7271EB2BD11B9D00388B6E /* Base */,
			);
			name = LaunchScreen.storyboard;
			sourceTree = "<group>";
		};
/* End PBXVariantGroup section */

/* Begin XCBuildConfiguration section */
		6C7271EE2BD11B9D00388B6E /* Debug */ = {
			isa = XCBuildConfiguration;
			buildSettings = {
				ALWAYS_SEARCH_USER_PATHS = NO;
				ASSETCATALOG_COMPILER_GENERATE_SWIFT_ASSET_SYMBOL_EXTENSIONS = YES;
				CLANG_ANALYZER_NONNULL = YES;
				CLANG_ANALYZER_NUMBER_OBJECT_CONVERSION = YES_AGGRESSIVE;
				CLANG_CXX_LANGUAGE_STANDARD = "gnu++20";
				CLANG_ENABLE_MODULES = YES;
				CLANG_ENABLE_OBJC_ARC = YES;
				CLANG_ENABLE_OBJC_WEAK = YES;
				CLANG_WARN_BLOCK_CAPTURE_AUTORELEASING = YES;
				CLANG_WARN_BOOL_CONVERSION = YES;
				CLANG_WARN_COMMA = YES;
				CLANG_WARN_CONSTANT_CONVERSION = YES;
				CLANG_WARN_DEPRECATED_OBJC_IMPLEMENTATIONS = YES;
				CLANG_WARN_DIRECT_OBJC_ISA_USAGE = YES_ERROR;
				CLANG_WARN_DOCUMENTATION_COMMENTS = YES;
				CLANG_WARN_EMPTY_BODY = YES;
				CLANG_WARN_ENUM_CONVERSION = YES;
				CLANG_WARN_INFINITE_RECURSION = YES;
				CLANG_WARN_INT_CONVERSION = YES;
				CLANG_WARN_NON_LITERAL_NULL_CONVERSION = YES;
				CLANG_WARN_OBJC_IMPLICIT_RETAIN_SELF = YES;
				CLANG_WARN_OBJC_LITERAL_CONVERSION = YES;
				CLANG_WARN_OBJC_ROOT_CLASS = YES_ERROR;
				CLANG_WARN_QUOTED_INCLUDE_IN_FRAMEWORK_HEADER = YES;
				CLANG_WARN_RANGE_LOOP_ANALYSIS = YES;
				CLANG_WARN_STRICT_PROTOTYPES = YES;
				CLANG_WARN_SUSPICIOUS_MOVE = YES;
				CLANG_WARN_UNGUARDED_AVAILABILITY = YES_AGGRESSIVE;
				CLANG_WARN_UNREACHABLE_CODE = YES;
				CLANG_WARN__DUPLICATE_METHOD_MATCH = YES;
				COPY_PHASE_STRIP = NO;
				DEBUG_INFORMATION_FORMAT = dwarf;
				ENABLE_STRICT_OBJC_MSGSEND = YES;
				ENABLE_TESTABILITY = YES;
				ENABLE_USER_SCRIPT_SANDBOXING = YES;
				GCC_C_LANGUAGE_STANDARD = gnu17;
				GCC_DYNAMIC_NO_PIC = NO;
				GCC_NO_COMMON_BLOCKS = YES;
				GCC_OPTIMIZATION_LEVEL = 0;
				GCC_PREPROCESSOR_DEFINITIONS = (
					"DEBUG=1",
					"$(inherited)",
				);
				GCC_WARN_64_TO_32_BIT_CONVERSION = YES;
				GCC_WARN_ABOUT_RETURN_TYPE = YES_ERROR;
				GCC_WARN_UNDECLARED_SELECTOR = YES;
				GCC_WARN_UNINITIALIZED_AUTOS = YES_AGGRESSIVE;
				GCC_WARN_UNUSED_FUNCTION = YES;
				GCC_WARN_UNUSED_VARIABLE = YES;
				IPHONEOS_DEPLOYMENT_TARGET = 15.0;
				LOCALIZATION_PREFERS_STRING_CATALOGS = YES;
				MTL_ENABLE_DEBUG_INFO = INCLUDE_SOURCE;
				MTL_FAST_MATH = YES;
				ONLY_ACTIVE_ARCH = YES;
				SDKROOT = iphoneos;
				SWIFT_ACTIVE_COMPILATION_CONDITIONS = "DEBUG $(inherited)";
				SWIFT_OPTIMIZATION_LEVEL = "-Onone";
			};
			name = Debug;
		};
		6C7271EF2BD11B9D00388B6E /* Release */ = {
			isa = XCBuildConfiguration;
			buildSettings = {
				ALWAYS_SEARCH_USER_PATHS = NO;
				ASSETCATALOG_COMPILER_GENERATE_SWIFT_ASSET_SYMBOL_EXTENSIONS = YES;
				CLANG_ANALYZER_NONNULL = YES;
				CLANG_ANALYZER_NUMBER_OBJECT_CONVERSION = YES_AGGRESSIVE;
				CLANG_CXX_LANGUAGE_STANDARD = "gnu++20";
				CLANG_ENABLE_MODULES = YES;
				CLANG_ENABLE_OBJC_ARC = YES;
				CLANG_ENABLE_OBJC_WEAK = YES;
				CLANG_WARN_BLOCK_CAPTURE_AUTORELEASING = YES;
				CLANG_WARN_BOOL_CONVERSION = YES;
				CLANG_WARN_COMMA = YES;
				CLANG_WARN_CONSTANT_CONVERSION = YES;
				CLANG_WARN_DEPRECATED_OBJC_IMPLEMENTATIONS = YES;
				CLANG_WARN_DIRECT_OBJC_ISA_USAGE = YES_ERROR;
				CLANG_WARN_DOCUMENTATION_COMMENTS = YES;
				CLANG_WARN_EMPTY_BODY = YES;
				CLANG_WARN_ENUM_CONVERSION = YES;
				CLANG_WARN_INFINITE_RECURSION = YES;
				CLANG_WARN_INT_CONVERSION = YES;
				CLANG_WARN_NON_LITERAL_NULL_CONVERSION = YES;
				CLANG_WARN_OBJC_IMPLICIT_RETAIN_SELF = YES;
				CLANG_WARN_OBJC_LITERAL_CONVERSION = YES;
				CLANG_WARN_OBJC_ROOT_CLASS = YES_ERROR;
				CLANG_WARN_QUOTED_INCLUDE_IN_FRAMEWORK_HEADER = YES;
				CLANG_WARN_RANGE_LOOP_ANALYSIS = YES;
				CLANG_WARN_STRICT_PROTOTYPES = YES;
				CLANG_WARN_SUSPICIOUS_MOVE = YES;
				CLANG_WARN_UNGUARDED_AVAILABILITY = YES_AGGRESSIVE;
				CLANG_WARN_UNREACHABLE_CODE = YES;
				CLANG_WARN__DUPLICATE_METHOD_MATCH = YES;
				COPY_PHASE_STRIP = NO;
				DEBUG_INFORMATION_FORMAT = "dwarf-with-dsym";
				ENABLE_NS_ASSERTIONS = NO;
				ENABLE_STRICT_OBJC_MSGSEND = YES;
				ENABLE_USER_SCRIPT_SANDBOXING = YES;
				GCC_C_LANGUAGE_STANDARD = gnu17;
				GCC_NO_COMMON_BLOCKS = YES;
				GCC_WARN_64_TO_32_BIT_CONVERSION = YES;
				GCC_WARN_ABOUT_RETURN_TYPE = YES_ERROR;
				GCC_WARN_UNDECLARED_SELECTOR = YES;
				GCC_WARN_UNINITIALIZED_AUTOS = YES_AGGRESSIVE;
				GCC_WARN_UNUSED_FUNCTION = YES;
				GCC_WARN_UNUSED_VARIABLE = YES;
				IPHONEOS_DEPLOYMENT_TARGET = 15.0;
				LOCALIZATION_PREFERS_STRING_CATALOGS = YES;
				MTL_ENABLE_DEBUG_INFO = NO;
				MTL_FAST_MATH = YES;
				SDKROOT = iphoneos;
				SWIFT_COMPILATION_MODE = wholemodule;
				VALIDATE_PRODUCT = YES;
			};
			name = Release;
		};
		6C7271F12BD11B9D00388B6E /* Debug */ = {
			isa = XCBuildConfiguration;
			buildSettings = {
				ASSETCATALOG_COMPILER_APPICON_NAME = AppIcon;
				ASSETCATALOG_COMPILER_GLOBAL_ACCENT_COLOR_NAME = AccentColor;
				CODE_SIGN_STYLE = Automatic;
				CURRENT_PROJECT_VERSION = 1;
				ENABLE_USER_SCRIPT_SANDBOXING = NO;
				GENERATE_INFOPLIST_FILE = YES;
				INFOPLIST_FILE = "SimpleReader-12-15-SD/SupportingFiles/Info.plist";
				INFOPLIST_KEY_UIApplicationSupportsIndirectInputEvents = YES;
				INFOPLIST_KEY_UILaunchStoryboardName = LaunchScreen;
				INFOPLIST_KEY_UIMainStoryboardFile = "";
				INFOPLIST_KEY_UISupportedInterfaceOrientations_iPad = "UIInterfaceOrientationPortrait UIInterfaceOrientationPortraitUpsideDown UIInterfaceOrientationLandscapeLeft UIInterfaceOrientationLandscapeRight";
				INFOPLIST_KEY_UISupportedInterfaceOrientations_iPhone = "UIInterfaceOrientationPortrait UIInterfaceOrientationLandscapeLeft UIInterfaceOrientationLandscapeRight";
				LD_RUNPATH_SEARCH_PATHS = (
					"$(inherited)",
					"@executable_path/Frameworks",
				);
				MARKETING_VERSION = 1.0;
				PRODUCT_BUNDLE_IDENTIFIER = "com.AndreiShpartou.SimpleReader-12-15-SD";
				PRODUCT_NAME = "$(TARGET_NAME)";
				SUPPORTED_PLATFORMS = "iphoneos iphonesimulator";
				SUPPORTS_MACCATALYST = NO;
				SUPPORTS_MAC_DESIGNED_FOR_IPHONE_IPAD = NO;
				SWIFT_EMIT_LOC_STRINGS = YES;
				SWIFT_VERSION = 5.0;
				TARGETED_DEVICE_FAMILY = 1;
			};
			name = Debug;
		};
		6C7271F22BD11B9D00388B6E /* Release */ = {
			isa = XCBuildConfiguration;
			buildSettings = {
				ASSETCATALOG_COMPILER_APPICON_NAME = AppIcon;
				ASSETCATALOG_COMPILER_GLOBAL_ACCENT_COLOR_NAME = AccentColor;
				CODE_SIGN_STYLE = Automatic;
				CURRENT_PROJECT_VERSION = 1;
				ENABLE_USER_SCRIPT_SANDBOXING = NO;
				GENERATE_INFOPLIST_FILE = YES;
				INFOPLIST_FILE = "SimpleReader-12-15-SD/SupportingFiles/Info.plist";
				INFOPLIST_KEY_UIApplicationSupportsIndirectInputEvents = YES;
				INFOPLIST_KEY_UILaunchStoryboardName = LaunchScreen;
				INFOPLIST_KEY_UIMainStoryboardFile = "";
				INFOPLIST_KEY_UISupportedInterfaceOrientations_iPad = "UIInterfaceOrientationPortrait UIInterfaceOrientationPortraitUpsideDown UIInterfaceOrientationLandscapeLeft UIInterfaceOrientationLandscapeRight";
				INFOPLIST_KEY_UISupportedInterfaceOrientations_iPhone = "UIInterfaceOrientationPortrait UIInterfaceOrientationLandscapeLeft UIInterfaceOrientationLandscapeRight";
				LD_RUNPATH_SEARCH_PATHS = (
					"$(inherited)",
					"@executable_path/Frameworks",
				);
				MARKETING_VERSION = 1.0;
				PRODUCT_BUNDLE_IDENTIFIER = "com.AndreiShpartou.SimpleReader-12-15-SD";
				PRODUCT_NAME = "$(TARGET_NAME)";
				SUPPORTED_PLATFORMS = "iphoneos iphonesimulator";
				SUPPORTS_MACCATALYST = NO;
				SUPPORTS_MAC_DESIGNED_FOR_IPHONE_IPAD = NO;
				SWIFT_EMIT_LOC_STRINGS = YES;
				SWIFT_VERSION = 5.0;
				TARGETED_DEVICE_FAMILY = 1;
			};
			name = Release;
		};
/* End XCBuildConfiguration section */

/* Begin XCConfigurationList section */
		6C7271D72BD11B9C00388B6E /* Build configuration list for PBXProject "SimpleReader-12-15-SD" */ = {
			isa = XCConfigurationList;
			buildConfigurations = (
				6C7271EE2BD11B9D00388B6E /* Debug */,
				6C7271EF2BD11B9D00388B6E /* Release */,
			);
			defaultConfigurationIsVisible = 0;
			defaultConfigurationName = Release;
		};
		6C7271F02BD11B9D00388B6E /* Build configuration list for PBXNativeTarget "SimpleReader-12-15-SD" */ = {
			isa = XCConfigurationList;
			buildConfigurations = (
				6C7271F12BD11B9D00388B6E /* Debug */,
				6C7271F22BD11B9D00388B6E /* Release */,
			);
			defaultConfigurationIsVisible = 0;
			defaultConfigurationName = Release;
		};
/* End XCConfigurationList section */
	};
	rootObject = 6C7271D42BD11B9C00388B6E /* Project object */;
}
